
Microsoft Visual Studio Solution File, Format Version 12.00
# Visual Studio 14
VisualStudioVersion = 14.0.25123.0
MinimumVisualStudioVersion = 10.0.40219.1
Project("{FAE04EC0-301F-11D3-BF4B-00C04F79EFBC}") = "01.DayOfWeek", "01.DayOfWeek\01.DayOfWeek.csproj", "{5A4E245D-30D9-4D47-8BB4-7D3ED94651D2}"
EndProject
Project("{FAE04EC0-301F-11D3-BF4B-00C04F79EFBC}") = "02.ReverseArrayOfIntegers", "02.ReverseArrayOfIntegers\02.ReverseArrayOfIntegers.csproj", "{C5DE42A6-A0E8-40DD-8EB5-18CE3461D7E2}"
EndProject
Project("{FAE04EC0-301F-11D3-BF4B-00C04F79EFBC}") = "03.LastKNumbersSums", "03.LastKNumbersSums\03.LastKNumbersSums.csproj", "{86FA89FE-1F7D-4FCF-A8CE-E8260E1D6CA3}"
EndProject
Project("{FAE04EC0-301F-11D3-BF4B-00C04F79EFBC}") = "04.TripplesSum", "04.TripplesSum\04.TripplesSum.csproj", "{363F84BB-8AAA-4017-905B-F15F8783222F}"
EndProject
Global
	GlobalSection(SolutionConfigurationPlatforms) = preSolution
		Debug|Any CPU = Debug|Any CPU
		Release|Any CPU = Release|Any CPU
	EndGlobalSection
	GlobalSection(ProjectConfigurationPlatforms) = postSolution
		{5A4E245D-30D9-4D47-8BB4-7D3ED94651D2}.Debug|Any CPU.ActiveCfg = Debug|Any CPU
		{5A4E245D-30D9-4D47-8BB4-7D3ED94651D2}.Debug|Any CPU.Build.0 = Debug|Any CPU
		{5A4E245D-30D9-4D47-8BB4-7D3ED94651D2}.Release|Any CPU.ActiveCfg = Release|Any CPU
		{5A4E245D-30D9-4D47-8BB4-7D3ED94651D2}.Release|Any CPU.Build.0 = Release|Any CPU
		{C5DE42A6-A0E8-40DD-8EB5-18CE3461D7E2}.Debug|Any CPU.ActiveCfg = Debug|Any CPU
		{C5DE42A6-A0E8-40DD-8EB5-18CE3461D7E2}.Debug|Any CPU.Build.0 = Debug|Any CPU
		{C5DE42A6-A0E8-40DD-8EB5-18CE3461D7E2}.Release|Any CPU.ActiveCfg = Release|Any CPU
		{C5DE42A6-A0E8-40DD-8EB5-18CE3461D7E2}.Release|Any CPU.Build.0 = Release|Any CPU
		{86FA89FE-1F7D-4FCF-A8CE-E8260E1D6CA3}.Debug|Any CPU.ActiveCfg = Debug|Any CPU
		{86FA89FE-1F7D-4FCF-A8CE-E8260E1D6CA3}.Debug|Any CPU.Build.0 = Debug|Any CPU
		{86FA89FE-1F7D-4FCF-A8CE-E8260E1D6CA3}.Release|Any CPU.ActiveCfg = Release|Any CPU
		{86FA89FE-1F7D-4FCF-A8CE-E8260E1D6CA3}.Release|Any CPU.Build.0 = Release|Any CPU
		{363F84BB-8AAA-4017-905B-F15F8783222F}.Debug|Any CPU.ActiveCfg = Debug|Any CPU
		{363F84BB-8AAA-4017-905B-F15F8783222F}.Debug|Any CPU.Build.0 = Debug|Any CPU
		{363F84BB-8AAA-4017-905B-F15F8783222F}.Release|Any CPU.ActiveCfg = Release|Any CPU
		{363F84BB-8AAA-4017-905B-F15F8783222F}.Release|Any CPU.Build.0 = Release|Any CPU
	EndGlobalSection
	GlobalSection(SolutionProperties) = preSolution
		HideSolutionNode = FALSE
	EndGlobalSection
EndGlobal
