
Microsoft Visual Studio Solution File, Format Version 12.00
# Visual Studio 14
VisualStudioVersion = 14.0.25123.0
MinimumVisualStudioVersion = 10.0.40219.1
Project("{FAE04EC0-301F-11D3-BF4B-00C04F79EFBC}") = "01.MaxSequenceOfEqualElements", "01.MaxSequenceOfEqualElements\01.MaxSequenceOfEqualElements.csproj", "{DD1D9E09-513F-45D0-87B7-4F298A02376F}"
EndProject
Project("{FAE04EC0-301F-11D3-BF4B-00C04F79EFBC}") = "02.LongestIncreasingSubsequence", "02.LongestIncreasingSubsequence\02.LongestIncreasingSubsequence.csproj", "{C8AECB25-EF80-4F43-AF51-A39B04415552}"
EndProject
Project("{FAE04EC0-301F-11D3-BF4B-00C04F79EFBC}") = "03.ArrayManipulator", "03.ArrayManipulator\03.ArrayManipulator.csproj", "{866C010F-4FF8-4D17-A87B-C28C067DC62B}"
EndProject
Project("{FAE04EC0-301F-11D3-BF4B-00C04F79EFBC}") = "04.SumReversedNumbers", "04.SumReversedNumbers\04.SumReversedNumbers.csproj", "{366DD360-9C88-4B48-9B90-762819EFC885}"
EndProject
Project("{FAE04EC0-301F-11D3-BF4B-00C04F79EFBC}") = "05.BombNumbers", "05.BombNumbers\05.BombNumbers.csproj", "{29F6F6B5-BC99-4D09-B248-6ADE2DB6DFC2}"
EndProject
Global
	GlobalSection(SolutionConfigurationPlatforms) = preSolution
		Debug|Any CPU = Debug|Any CPU
		Release|Any CPU = Release|Any CPU
	EndGlobalSection
	GlobalSection(ProjectConfigurationPlatforms) = postSolution
		{DD1D9E09-513F-45D0-87B7-4F298A02376F}.Debug|Any CPU.ActiveCfg = Debug|Any CPU
		{DD1D9E09-513F-45D0-87B7-4F298A02376F}.Debug|Any CPU.Build.0 = Debug|Any CPU
		{DD1D9E09-513F-45D0-87B7-4F298A02376F}.Release|Any CPU.ActiveCfg = Release|Any CPU
		{DD1D9E09-513F-45D0-87B7-4F298A02376F}.Release|Any CPU.Build.0 = Release|Any CPU
		{C8AECB25-EF80-4F43-AF51-A39B04415552}.Debug|Any CPU.ActiveCfg = Debug|Any CPU
		{C8AECB25-EF80-4F43-AF51-A39B04415552}.Debug|Any CPU.Build.0 = Debug|Any CPU
		{C8AECB25-EF80-4F43-AF51-A39B04415552}.Release|Any CPU.ActiveCfg = Release|Any CPU
		{C8AECB25-EF80-4F43-AF51-A39B04415552}.Release|Any CPU.Build.0 = Release|Any CPU
		{866C010F-4FF8-4D17-A87B-C28C067DC62B}.Debug|Any CPU.ActiveCfg = Debug|Any CPU
		{866C010F-4FF8-4D17-A87B-C28C067DC62B}.Debug|Any CPU.Build.0 = Debug|Any CPU
		{866C010F-4FF8-4D17-A87B-C28C067DC62B}.Release|Any CPU.ActiveCfg = Release|Any CPU
		{866C010F-4FF8-4D17-A87B-C28C067DC62B}.Release|Any CPU.Build.0 = Release|Any CPU
		{366DD360-9C88-4B48-9B90-762819EFC885}.Debug|Any CPU.ActiveCfg = Debug|Any CPU
		{366DD360-9C88-4B48-9B90-762819EFC885}.Debug|Any CPU.Build.0 = Debug|Any CPU
		{366DD360-9C88-4B48-9B90-762819EFC885}.Release|Any CPU.ActiveCfg = Release|Any CPU
		{366DD360-9C88-4B48-9B90-762819EFC885}.Release|Any CPU.Build.0 = Release|Any CPU
		{29F6F6B5-BC99-4D09-B248-6ADE2DB6DFC2}.Debug|Any CPU.ActiveCfg = Debug|Any CPU
		{29F6F6B5-BC99-4D09-B248-6ADE2DB6DFC2}.Debug|Any CPU.Build.0 = Debug|Any CPU
		{29F6F6B5-BC99-4D09-B248-6ADE2DB6DFC2}.Release|Any CPU.ActiveCfg = Release|Any CPU
		{29F6F6B5-BC99-4D09-B248-6ADE2DB6DFC2}.Release|Any CPU.Build.0 = Release|Any CPU
	EndGlobalSection
	GlobalSection(SolutionProperties) = preSolution
		HideSolutionNode = FALSE
	EndGlobalSection
EndGlobal
