
Microsoft Visual Studio Solution File, Format Version 12.00
# Visual Studio 14
VisualStudioVersion = 14.0.25123.0
MinimumVisualStudioVersion = 10.0.40219.1
Project("{FAE04EC0-301F-11D3-BF4B-00C04F79EFBC}") = "Ex.01.PrintReceipt", "Ex.01.PrintReceipt\Ex.01.PrintReceipt.csproj", "{659AF1E1-92B3-4E64-A8D7-2C78C2F9F440}"
EndProject
Project("{FAE04EC0-301F-11D3-BF4B-00C04F79EFBC}") = "02.SignOfIntegerNumber", "02.SignOfIntegerNumber\02.SignOfIntegerNumber.csproj", "{B722DEB4-CB8A-4A06-8F09-B752898FD742}"
EndProject
Project("{FAE04EC0-301F-11D3-BF4B-00C04F79EFBC}") = "03.PrintingTriangle", "03.PrintingTriangle\03.PrintingTriangle.csproj", "{05A308FC-0F6E-4BCC-A7D5-FD4B6DDADEA2}"
EndProject
Project("{FAE04EC0-301F-11D3-BF4B-00C04F79EFBC}") = "04.DrawAFilledSquare", "04.DrawAFilledSquare\04.DrawAFilledSquare.csproj", "{0336C173-D1BA-4429-B269-061FE0A6BB25}"
EndProject
Project("{FAE04EC0-301F-11D3-BF4B-00C04F79EFBC}") = "05.CalculateTriangleArea", "05.CalculateTriangleArea\05.CalculateTriangleArea.csproj", "{6E4B0061-3947-4FCC-B557-7C6BE0560F53}"
EndProject
Project("{FAE04EC0-301F-11D3-BF4B-00C04F79EFBC}") = "06.MathPower", "06.MathPower\06.MathPower.csproj", "{7FB251A4-8A6E-47E1-B0B0-C6EE6599F0C5}"
EndProject
Project("{FAE04EC0-301F-11D3-BF4B-00C04F79EFBC}") = "07.GreaterofTwoValues", "07.GreaterofTwoValues\07.GreaterofTwoValues.csproj", "{AC2D1135-97D5-4E26-A565-C7A71C94B2BD}"
EndProject
Global
	GlobalSection(SolutionConfigurationPlatforms) = preSolution
		Debug|Any CPU = Debug|Any CPU
		Release|Any CPU = Release|Any CPU
	EndGlobalSection
	GlobalSection(ProjectConfigurationPlatforms) = postSolution
		{659AF1E1-92B3-4E64-A8D7-2C78C2F9F440}.Debug|Any CPU.ActiveCfg = Debug|Any CPU
		{659AF1E1-92B3-4E64-A8D7-2C78C2F9F440}.Debug|Any CPU.Build.0 = Debug|Any CPU
		{659AF1E1-92B3-4E64-A8D7-2C78C2F9F440}.Release|Any CPU.ActiveCfg = Release|Any CPU
		{659AF1E1-92B3-4E64-A8D7-2C78C2F9F440}.Release|Any CPU.Build.0 = Release|Any CPU
		{B722DEB4-CB8A-4A06-8F09-B752898FD742}.Debug|Any CPU.ActiveCfg = Debug|Any CPU
		{B722DEB4-CB8A-4A06-8F09-B752898FD742}.Debug|Any CPU.Build.0 = Debug|Any CPU
		{B722DEB4-CB8A-4A06-8F09-B752898FD742}.Release|Any CPU.ActiveCfg = Release|Any CPU
		{B722DEB4-CB8A-4A06-8F09-B752898FD742}.Release|Any CPU.Build.0 = Release|Any CPU
		{05A308FC-0F6E-4BCC-A7D5-FD4B6DDADEA2}.Debug|Any CPU.ActiveCfg = Debug|Any CPU
		{05A308FC-0F6E-4BCC-A7D5-FD4B6DDADEA2}.Debug|Any CPU.Build.0 = Debug|Any CPU
		{05A308FC-0F6E-4BCC-A7D5-FD4B6DDADEA2}.Release|Any CPU.ActiveCfg = Release|Any CPU
		{05A308FC-0F6E-4BCC-A7D5-FD4B6DDADEA2}.Release|Any CPU.Build.0 = Release|Any CPU
		{0336C173-D1BA-4429-B269-061FE0A6BB25}.Debug|Any CPU.ActiveCfg = Debug|Any CPU
		{0336C173-D1BA-4429-B269-061FE0A6BB25}.Debug|Any CPU.Build.0 = Debug|Any CPU
		{0336C173-D1BA-4429-B269-061FE0A6BB25}.Release|Any CPU.ActiveCfg = Release|Any CPU
		{0336C173-D1BA-4429-B269-061FE0A6BB25}.Release|Any CPU.Build.0 = Release|Any CPU
		{6E4B0061-3947-4FCC-B557-7C6BE0560F53}.Debug|Any CPU.ActiveCfg = Debug|Any CPU
		{6E4B0061-3947-4FCC-B557-7C6BE0560F53}.Debug|Any CPU.Build.0 = Debug|Any CPU
		{6E4B0061-3947-4FCC-B557-7C6BE0560F53}.Release|Any CPU.ActiveCfg = Release|Any CPU
		{6E4B0061-3947-4FCC-B557-7C6BE0560F53}.Release|Any CPU.Build.0 = Release|Any CPU
		{7FB251A4-8A6E-47E1-B0B0-C6EE6599F0C5}.Debug|Any CPU.ActiveCfg = Debug|Any CPU
		{7FB251A4-8A6E-47E1-B0B0-C6EE6599F0C5}.Debug|Any CPU.Build.0 = Debug|Any CPU
		{7FB251A4-8A6E-47E1-B0B0-C6EE6599F0C5}.Release|Any CPU.ActiveCfg = Release|Any CPU
		{7FB251A4-8A6E-47E1-B0B0-C6EE6599F0C5}.Release|Any CPU.Build.0 = Release|Any CPU
		{AC2D1135-97D5-4E26-A565-C7A71C94B2BD}.Debug|Any CPU.ActiveCfg = Debug|Any CPU
		{AC2D1135-97D5-4E26-A565-C7A71C94B2BD}.Debug|Any CPU.Build.0 = Debug|Any CPU
		{AC2D1135-97D5-4E26-A565-C7A71C94B2BD}.Release|Any CPU.ActiveCfg = Release|Any CPU
		{AC2D1135-97D5-4E26-A565-C7A71C94B2BD}.Release|Any CPU.Build.0 = Release|Any CPU
	EndGlobalSection
	GlobalSection(SolutionProperties) = preSolution
		HideSolutionNode = FALSE
	EndGlobalSection
EndGlobal
