
Microsoft Visual Studio Solution File, Format Version 12.00
# Visual Studio 14
VisualStudioVersion = 14.0.25123.0
MinimumVisualStudioVersion = 10.0.40219.1
Project("{FAE04EC0-301F-11D3-BF4B-00C04F79EFBC}") = "01.Hello, Name!", "01.Hello, Name!\01.Hello, Name!.csproj", "{61A03ADE-BF33-49E2-B585-3679FF60E591}"
EndProject
Project("{FAE04EC0-301F-11D3-BF4B-00C04F79EFBC}") = "02.MaxMethod", "02.MaxMethod\02.MaxMethod.csproj", "{B2854A15-2001-4821-B333-FBAAB09D86F2}"
EndProject
Project("{FAE04EC0-301F-11D3-BF4B-00C04F79EFBC}") = "03.EnglishNameOfLastDigit", "03.EnglishNameOfLastDigit\03.EnglishNameOfLastDigit.csproj", "{992F39B4-CD73-47CC-9CAA-23546B4BD894}"
EndProject
Project("{FAE04EC0-301F-11D3-BF4B-00C04F79EFBC}") = "04.NumbersInReversedOrder", "04.NumbersInReversedOrder\04.NumbersInReversedOrder.csproj", "{EFA91A08-10F2-425E-BC77-EFA1B684AD1F}"
EndProject
Project("{FAE04EC0-301F-11D3-BF4B-00C04F79EFBC}") = "05.FibonacciNumbers", "05.FibonacciNumbers\05.FibonacciNumbers.csproj", "{A357AA8F-FC4F-4245-99CA-266A149E5F89}"
EndProject
Project("{FAE04EC0-301F-11D3-BF4B-00C04F79EFBC}") = "06.PrimeChecker", "06.PrimeChecker\06.PrimeChecker.csproj", "{831A3E49-E16C-46AE-830E-9486443F1BBB}"
EndProject
Project("{FAE04EC0-301F-11D3-BF4B-00C04F79EFBC}") = "07.PrimesInGivenRange", "07.PrimesInGivenRange\07.PrimesInGivenRange.csproj", "{DAC3B5BA-4A87-40C4-8480-805472B3A214}"
EndProject
Project("{FAE04EC0-301F-11D3-BF4B-00C04F79EFBC}") = "08.CenterPoint", "08.CenterPoint\08.CenterPoint.csproj", "{738BCC01-EDAF-4031-966F-78F4EF9A5C81}"
EndProject
Project("{FAE04EC0-301F-11D3-BF4B-00C04F79EFBC}") = "09.LongerLine", "09.LongerLine\09.LongerLine.csproj", "{A5191DB4-FFCC-47E4-8596-7BE34DD78596}"
EndProject
Project("{FAE04EC0-301F-11D3-BF4B-00C04F79EFBC}") = "10.CubeProperties", "10.CubeProperties\10.CubeProperties.csproj", "{80582ACF-D352-4102-A66F-72F42823FEE6}"
EndProject
Project("{FAE04EC0-301F-11D3-BF4B-00C04F79EFBC}") = "11.GeometryCalculator", "11.GeometryCalculator\11.GeometryCalculator.csproj", "{0FA86D92-0E7D-4464-A8E7-BC54632B7B53}"
EndProject
Global
	GlobalSection(SolutionConfigurationPlatforms) = preSolution
		Debug|Any CPU = Debug|Any CPU
		Release|Any CPU = Release|Any CPU
	EndGlobalSection
	GlobalSection(ProjectConfigurationPlatforms) = postSolution
		{61A03ADE-BF33-49E2-B585-3679FF60E591}.Debug|Any CPU.ActiveCfg = Debug|Any CPU
		{61A03ADE-BF33-49E2-B585-3679FF60E591}.Debug|Any CPU.Build.0 = Debug|Any CPU
		{61A03ADE-BF33-49E2-B585-3679FF60E591}.Release|Any CPU.ActiveCfg = Release|Any CPU
		{61A03ADE-BF33-49E2-B585-3679FF60E591}.Release|Any CPU.Build.0 = Release|Any CPU
		{B2854A15-2001-4821-B333-FBAAB09D86F2}.Debug|Any CPU.ActiveCfg = Debug|Any CPU
		{B2854A15-2001-4821-B333-FBAAB09D86F2}.Debug|Any CPU.Build.0 = Debug|Any CPU
		{B2854A15-2001-4821-B333-FBAAB09D86F2}.Release|Any CPU.ActiveCfg = Release|Any CPU
		{B2854A15-2001-4821-B333-FBAAB09D86F2}.Release|Any CPU.Build.0 = Release|Any CPU
		{992F39B4-CD73-47CC-9CAA-23546B4BD894}.Debug|Any CPU.ActiveCfg = Debug|Any CPU
		{992F39B4-CD73-47CC-9CAA-23546B4BD894}.Debug|Any CPU.Build.0 = Debug|Any CPU
		{992F39B4-CD73-47CC-9CAA-23546B4BD894}.Release|Any CPU.ActiveCfg = Release|Any CPU
		{992F39B4-CD73-47CC-9CAA-23546B4BD894}.Release|Any CPU.Build.0 = Release|Any CPU
		{EFA91A08-10F2-425E-BC77-EFA1B684AD1F}.Debug|Any CPU.ActiveCfg = Debug|Any CPU
		{EFA91A08-10F2-425E-BC77-EFA1B684AD1F}.Debug|Any CPU.Build.0 = Debug|Any CPU
		{EFA91A08-10F2-425E-BC77-EFA1B684AD1F}.Release|Any CPU.ActiveCfg = Release|Any CPU
		{EFA91A08-10F2-425E-BC77-EFA1B684AD1F}.Release|Any CPU.Build.0 = Release|Any CPU
		{A357AA8F-FC4F-4245-99CA-266A149E5F89}.Debug|Any CPU.ActiveCfg = Debug|Any CPU
		{A357AA8F-FC4F-4245-99CA-266A149E5F89}.Debug|Any CPU.Build.0 = Debug|Any CPU
		{A357AA8F-FC4F-4245-99CA-266A149E5F89}.Release|Any CPU.ActiveCfg = Release|Any CPU
		{A357AA8F-FC4F-4245-99CA-266A149E5F89}.Release|Any CPU.Build.0 = Release|Any CPU
		{831A3E49-E16C-46AE-830E-9486443F1BBB}.Debug|Any CPU.ActiveCfg = Debug|Any CPU
		{831A3E49-E16C-46AE-830E-9486443F1BBB}.Debug|Any CPU.Build.0 = Debug|Any CPU
		{831A3E49-E16C-46AE-830E-9486443F1BBB}.Release|Any CPU.ActiveCfg = Release|Any CPU
		{831A3E49-E16C-46AE-830E-9486443F1BBB}.Release|Any CPU.Build.0 = Release|Any CPU
		{DAC3B5BA-4A87-40C4-8480-805472B3A214}.Debug|Any CPU.ActiveCfg = Debug|Any CPU
		{DAC3B5BA-4A87-40C4-8480-805472B3A214}.Debug|Any CPU.Build.0 = Debug|Any CPU
		{DAC3B5BA-4A87-40C4-8480-805472B3A214}.Release|Any CPU.ActiveCfg = Release|Any CPU
		{DAC3B5BA-4A87-40C4-8480-805472B3A214}.Release|Any CPU.Build.0 = Release|Any CPU
		{738BCC01-EDAF-4031-966F-78F4EF9A5C81}.Debug|Any CPU.ActiveCfg = Debug|Any CPU
		{738BCC01-EDAF-4031-966F-78F4EF9A5C81}.Debug|Any CPU.Build.0 = Debug|Any CPU
		{738BCC01-EDAF-4031-966F-78F4EF9A5C81}.Release|Any CPU.ActiveCfg = Release|Any CPU
		{738BCC01-EDAF-4031-966F-78F4EF9A5C81}.Release|Any CPU.Build.0 = Release|Any CPU
		{A5191DB4-FFCC-47E4-8596-7BE34DD78596}.Debug|Any CPU.ActiveCfg = Debug|Any CPU
		{A5191DB4-FFCC-47E4-8596-7BE34DD78596}.Debug|Any CPU.Build.0 = Debug|Any CPU
		{A5191DB4-FFCC-47E4-8596-7BE34DD78596}.Release|Any CPU.ActiveCfg = Release|Any CPU
		{A5191DB4-FFCC-47E4-8596-7BE34DD78596}.Release|Any CPU.Build.0 = Release|Any CPU
		{80582ACF-D352-4102-A66F-72F42823FEE6}.Debug|Any CPU.ActiveCfg = Debug|Any CPU
		{80582ACF-D352-4102-A66F-72F42823FEE6}.Debug|Any CPU.Build.0 = Debug|Any CPU
		{80582ACF-D352-4102-A66F-72F42823FEE6}.Release|Any CPU.ActiveCfg = Release|Any CPU
		{80582ACF-D352-4102-A66F-72F42823FEE6}.Release|Any CPU.Build.0 = Release|Any CPU
		{0FA86D92-0E7D-4464-A8E7-BC54632B7B53}.Debug|Any CPU.ActiveCfg = Debug|Any CPU
		{0FA86D92-0E7D-4464-A8E7-BC54632B7B53}.Debug|Any CPU.Build.0 = Debug|Any CPU
		{0FA86D92-0E7D-4464-A8E7-BC54632B7B53}.Release|Any CPU.ActiveCfg = Release|Any CPU
		{0FA86D92-0E7D-4464-A8E7-BC54632B7B53}.Release|Any CPU.Build.0 = Release|Any CPU
	EndGlobalSection
	GlobalSection(SolutionProperties) = preSolution
		HideSolutionNode = FALSE
	EndGlobalSection
EndGlobal
