
Microsoft Visual Studio Solution File, Format Version 12.00
# Visual Studio 14
VisualStudioVersion = 14.0.25123.0
MinimumVisualStudioVersion = 10.0.40219.1
Project("{FAE04EC0-301F-11D3-BF4B-00C04F79EFBC}") = "01.DayOfWeek", "01.DayOfWeek\01.DayOfWeek.csproj", "{574F98AD-DBAC-4CAC-8427-A7C3CB11FE18}"
EndProject
Project("{FAE04EC0-301F-11D3-BF4B-00C04F79EFBC}") = "02.RandomizeWords", "02.RandomizeWords\02.RandomizeWords.csproj", "{CE8F0D7F-003C-4D4D-A4DE-F80912695C98}"
EndProject
Global
	GlobalSection(SolutionConfigurationPlatforms) = preSolution
		Debug|Any CPU = Debug|Any CPU
		Release|Any CPU = Release|Any CPU
	EndGlobalSection
	GlobalSection(ProjectConfigurationPlatforms) = postSolution
		{574F98AD-DBAC-4CAC-8427-A7C3CB11FE18}.Debug|Any CPU.ActiveCfg = Debug|Any CPU
		{574F98AD-DBAC-4CAC-8427-A7C3CB11FE18}.Debug|Any CPU.Build.0 = Debug|Any CPU
		{574F98AD-DBAC-4CAC-8427-A7C3CB11FE18}.Release|Any CPU.ActiveCfg = Release|Any CPU
		{574F98AD-DBAC-4CAC-8427-A7C3CB11FE18}.Release|Any CPU.Build.0 = Release|Any CPU
		{CE8F0D7F-003C-4D4D-A4DE-F80912695C98}.Debug|Any CPU.ActiveCfg = Debug|Any CPU
		{CE8F0D7F-003C-4D4D-A4DE-F80912695C98}.Debug|Any CPU.Build.0 = Debug|Any CPU
		{CE8F0D7F-003C-4D4D-A4DE-F80912695C98}.Release|Any CPU.ActiveCfg = Release|Any CPU
		{CE8F0D7F-003C-4D4D-A4DE-F80912695C98}.Release|Any CPU.Build.0 = Release|Any CPU
	EndGlobalSection
	GlobalSection(SolutionProperties) = preSolution
		HideSolutionNode = FALSE
	EndGlobalSection
EndGlobal
