
Microsoft Visual Studio Solution File, Format Version 12.00
# Visual Studio 14
VisualStudioVersion = 14.0.25123.0
MinimumVisualStudioVersion = 10.0.40219.1
Project("{FAE04EC0-301F-11D3-BF4B-00C04F79EFBC}") = "01.MatchFullName", "01.MatchFullName\01.MatchFullName.csproj", "{32A1C3B1-6B7E-4EAD-BB2B-3BD9DEE24A68}"
EndProject
Project("{FAE04EC0-301F-11D3-BF4B-00C04F79EFBC}") = "02.MatchPhoneNumber", "02.MatchPhoneNumber\02.MatchPhoneNumber.csproj", "{54CC74FD-146C-4EC0-B91E-D052D35A698E}"
EndProject
Project("{FAE04EC0-301F-11D3-BF4B-00C04F79EFBC}") = "03.Replace a Tag", "03.Replace a Tag\03.Replace a Tag.csproj", "{8E249664-886B-4B62-9402-8485326F0F44}"
EndProject
Global
	GlobalSection(SolutionConfigurationPlatforms) = preSolution
		Debug|Any CPU = Debug|Any CPU
		Release|Any CPU = Release|Any CPU
	EndGlobalSection
	GlobalSection(ProjectConfigurationPlatforms) = postSolution
		{32A1C3B1-6B7E-4EAD-BB2B-3BD9DEE24A68}.Debug|Any CPU.ActiveCfg = Debug|Any CPU
		{32A1C3B1-6B7E-4EAD-BB2B-3BD9DEE24A68}.Debug|Any CPU.Build.0 = Debug|Any CPU
		{32A1C3B1-6B7E-4EAD-BB2B-3BD9DEE24A68}.Release|Any CPU.ActiveCfg = Release|Any CPU
		{32A1C3B1-6B7E-4EAD-BB2B-3BD9DEE24A68}.Release|Any CPU.Build.0 = Release|Any CPU
		{54CC74FD-146C-4EC0-B91E-D052D35A698E}.Debug|Any CPU.ActiveCfg = Debug|Any CPU
		{54CC74FD-146C-4EC0-B91E-D052D35A698E}.Debug|Any CPU.Build.0 = Debug|Any CPU
		{54CC74FD-146C-4EC0-B91E-D052D35A698E}.Release|Any CPU.ActiveCfg = Release|Any CPU
		{54CC74FD-146C-4EC0-B91E-D052D35A698E}.Release|Any CPU.Build.0 = Release|Any CPU
		{8E249664-886B-4B62-9402-8485326F0F44}.Debug|Any CPU.ActiveCfg = Debug|Any CPU
		{8E249664-886B-4B62-9402-8485326F0F44}.Debug|Any CPU.Build.0 = Debug|Any CPU
		{8E249664-886B-4B62-9402-8485326F0F44}.Release|Any CPU.ActiveCfg = Release|Any CPU
		{8E249664-886B-4B62-9402-8485326F0F44}.Release|Any CPU.Build.0 = Release|Any CPU
	EndGlobalSection
	GlobalSection(SolutionProperties) = preSolution
		HideSolutionNode = FALSE
	EndGlobalSection
EndGlobal
