
Microsoft Visual Studio Solution File, Format Version 12.00
# Visual Studio 14
VisualStudioVersion = 14.0.25123.0
MinimumVisualStudioVersion = 10.0.40219.1
Project("{FAE04EC0-301F-11D3-BF4B-00C04F79EFBC}") = "01.LargestCommonEnd", "01.LargestCommonEnd\01.LargestCommonEnd.csproj", "{C361FC4B-543A-4D8B-843F-3D81EF128CA5}"
EndProject
Project("{FAE04EC0-301F-11D3-BF4B-00C04F79EFBC}") = "02RotateAndSum", "02RotateAndSum\02RotateAndSum.csproj", "{8E2A153E-F898-4C6A-B81A-287D3A4153D5}"
EndProject
Project("{FAE04EC0-301F-11D3-BF4B-00C04F79EFBC}") = "03.FoldAndSum", "03.FoldAndSum\03.FoldAndSum.csproj", "{512A3EC5-E8DE-4A72-A588-6A340B437B81}"
EndProject
Project("{FAE04EC0-301F-11D3-BF4B-00C04F79EFBC}") = "04.SieveOfEratosthenes", "04.SieveOfEratosthenes\04.SieveOfEratosthenes.csproj", "{E6BBFD9B-A67C-4C10-B57B-7BC3D3871DFC}"
EndProject
Project("{FAE04EC0-301F-11D3-BF4B-00C04F79EFBC}") = "05.CompareCharArrays", "05.CompareCharArrays\05.CompareCharArrays.csproj", "{D7C71C6E-10A6-4966-A1B3-868828BDC82D}"
EndProject
Project("{FAE04EC0-301F-11D3-BF4B-00C04F79EFBC}") = "06.MaxSequenceOfEqualElements", "06.MaxSequenceOfEqualElements\06.MaxSequenceOfEqualElements.csproj", "{98705525-6B12-4A40-AC79-40A6C43CB848}"
EndProject
Project("{FAE04EC0-301F-11D3-BF4B-00C04F79EFBC}") = "07.MaxSequenceOfIncreasingNums", "07.MaxSequenceOfIncreasingNums\07.MaxSequenceOfIncreasingNums.csproj", "{A6DBB884-DED3-4748-AA27-AEFE8F1DAFF9}"
EndProject
Project("{FAE04EC0-301F-11D3-BF4B-00C04F79EFBC}") = "08.MostFrequentNumber", "08.MostFrequentNumber\08.MostFrequentNumber.csproj", "{52F6C75C-1799-401D-B374-E633B618C32D}"
EndProject
Project("{FAE04EC0-301F-11D3-BF4B-00C04F79EFBC}") = "09.IndexOfLetters", "09.IndexOfLetters\09.IndexOfLetters.csproj", "{F5EDBE69-A617-46D4-AB01-93273D3C5C23}"
EndProject
Project("{FAE04EC0-301F-11D3-BF4B-00C04F79EFBC}") = "10.PairsByDifference", "10.PairsByDifference\10.PairsByDifference.csproj", "{D7409003-2030-4E60-99D3-BD6FD90F3773}"
EndProject
Project("{FAE04EC0-301F-11D3-BF4B-00C04F79EFBC}") = "11.EqualSums", "11.EqualSums\11.EqualSums.csproj", "{D2BB33FD-C878-4774-B450-A67A3A198EE6}"
EndProject
Global
	GlobalSection(SolutionConfigurationPlatforms) = preSolution
		Debug|Any CPU = Debug|Any CPU
		Release|Any CPU = Release|Any CPU
	EndGlobalSection
	GlobalSection(ProjectConfigurationPlatforms) = postSolution
		{C361FC4B-543A-4D8B-843F-3D81EF128CA5}.Debug|Any CPU.ActiveCfg = Debug|Any CPU
		{C361FC4B-543A-4D8B-843F-3D81EF128CA5}.Debug|Any CPU.Build.0 = Debug|Any CPU
		{C361FC4B-543A-4D8B-843F-3D81EF128CA5}.Release|Any CPU.ActiveCfg = Release|Any CPU
		{C361FC4B-543A-4D8B-843F-3D81EF128CA5}.Release|Any CPU.Build.0 = Release|Any CPU
		{8E2A153E-F898-4C6A-B81A-287D3A4153D5}.Debug|Any CPU.ActiveCfg = Debug|Any CPU
		{8E2A153E-F898-4C6A-B81A-287D3A4153D5}.Debug|Any CPU.Build.0 = Debug|Any CPU
		{8E2A153E-F898-4C6A-B81A-287D3A4153D5}.Release|Any CPU.ActiveCfg = Release|Any CPU
		{8E2A153E-F898-4C6A-B81A-287D3A4153D5}.Release|Any CPU.Build.0 = Release|Any CPU
		{512A3EC5-E8DE-4A72-A588-6A340B437B81}.Debug|Any CPU.ActiveCfg = Debug|Any CPU
		{512A3EC5-E8DE-4A72-A588-6A340B437B81}.Debug|Any CPU.Build.0 = Debug|Any CPU
		{512A3EC5-E8DE-4A72-A588-6A340B437B81}.Release|Any CPU.ActiveCfg = Release|Any CPU
		{512A3EC5-E8DE-4A72-A588-6A340B437B81}.Release|Any CPU.Build.0 = Release|Any CPU
		{E6BBFD9B-A67C-4C10-B57B-7BC3D3871DFC}.Debug|Any CPU.ActiveCfg = Debug|Any CPU
		{E6BBFD9B-A67C-4C10-B57B-7BC3D3871DFC}.Debug|Any CPU.Build.0 = Debug|Any CPU
		{E6BBFD9B-A67C-4C10-B57B-7BC3D3871DFC}.Release|Any CPU.ActiveCfg = Release|Any CPU
		{E6BBFD9B-A67C-4C10-B57B-7BC3D3871DFC}.Release|Any CPU.Build.0 = Release|Any CPU
		{D7C71C6E-10A6-4966-A1B3-868828BDC82D}.Debug|Any CPU.ActiveCfg = Debug|Any CPU
		{D7C71C6E-10A6-4966-A1B3-868828BDC82D}.Debug|Any CPU.Build.0 = Debug|Any CPU
		{D7C71C6E-10A6-4966-A1B3-868828BDC82D}.Release|Any CPU.ActiveCfg = Release|Any CPU
		{D7C71C6E-10A6-4966-A1B3-868828BDC82D}.Release|Any CPU.Build.0 = Release|Any CPU
		{98705525-6B12-4A40-AC79-40A6C43CB848}.Debug|Any CPU.ActiveCfg = Debug|Any CPU
		{98705525-6B12-4A40-AC79-40A6C43CB848}.Debug|Any CPU.Build.0 = Debug|Any CPU
		{98705525-6B12-4A40-AC79-40A6C43CB848}.Release|Any CPU.ActiveCfg = Release|Any CPU
		{98705525-6B12-4A40-AC79-40A6C43CB848}.Release|Any CPU.Build.0 = Release|Any CPU
		{A6DBB884-DED3-4748-AA27-AEFE8F1DAFF9}.Debug|Any CPU.ActiveCfg = Debug|Any CPU
		{A6DBB884-DED3-4748-AA27-AEFE8F1DAFF9}.Debug|Any CPU.Build.0 = Debug|Any CPU
		{A6DBB884-DED3-4748-AA27-AEFE8F1DAFF9}.Release|Any CPU.ActiveCfg = Release|Any CPU
		{A6DBB884-DED3-4748-AA27-AEFE8F1DAFF9}.Release|Any CPU.Build.0 = Release|Any CPU
		{52F6C75C-1799-401D-B374-E633B618C32D}.Debug|Any CPU.ActiveCfg = Debug|Any CPU
		{52F6C75C-1799-401D-B374-E633B618C32D}.Debug|Any CPU.Build.0 = Debug|Any CPU
		{52F6C75C-1799-401D-B374-E633B618C32D}.Release|Any CPU.ActiveCfg = Release|Any CPU
		{52F6C75C-1799-401D-B374-E633B618C32D}.Release|Any CPU.Build.0 = Release|Any CPU
		{F5EDBE69-A617-46D4-AB01-93273D3C5C23}.Debug|Any CPU.ActiveCfg = Debug|Any CPU
		{F5EDBE69-A617-46D4-AB01-93273D3C5C23}.Debug|Any CPU.Build.0 = Debug|Any CPU
		{F5EDBE69-A617-46D4-AB01-93273D3C5C23}.Release|Any CPU.ActiveCfg = Release|Any CPU
		{F5EDBE69-A617-46D4-AB01-93273D3C5C23}.Release|Any CPU.Build.0 = Release|Any CPU
		{D7409003-2030-4E60-99D3-BD6FD90F3773}.Debug|Any CPU.ActiveCfg = Debug|Any CPU
		{D7409003-2030-4E60-99D3-BD6FD90F3773}.Debug|Any CPU.Build.0 = Debug|Any CPU
		{D7409003-2030-4E60-99D3-BD6FD90F3773}.Release|Any CPU.ActiveCfg = Release|Any CPU
		{D7409003-2030-4E60-99D3-BD6FD90F3773}.Release|Any CPU.Build.0 = Release|Any CPU
		{D2BB33FD-C878-4774-B450-A67A3A198EE6}.Debug|Any CPU.ActiveCfg = Debug|Any CPU
		{D2BB33FD-C878-4774-B450-A67A3A198EE6}.Debug|Any CPU.Build.0 = Debug|Any CPU
		{D2BB33FD-C878-4774-B450-A67A3A198EE6}.Release|Any CPU.ActiveCfg = Release|Any CPU
		{D2BB33FD-C878-4774-B450-A67A3A198EE6}.Release|Any CPU.Build.0 = Release|Any CPU
	EndGlobalSection
	GlobalSection(SolutionProperties) = preSolution
		HideSolutionNode = FALSE
	EndGlobalSection
EndGlobal
