
Microsoft Visual Studio Solution File, Format Version 12.00
# Visual Studio 14
VisualStudioVersion = 14.0.25123.0
MinimumVisualStudioVersion = 10.0.40219.1
Project("{FAE04EC0-301F-11D3-BF4B-00C04F79EFBC}") = "01.Phonebook", "01.Phonebook\01.Phonebook.csproj", "{02F33A57-9728-4B6E-B5D8-9FF1CDEA7C52}"
EndProject
Project("{FAE04EC0-301F-11D3-BF4B-00C04F79EFBC}") = "02.PhonebookUpgrade", "02.PhonebookUpgrade\02.PhonebookUpgrade.csproj", "{C545FD1A-E1D5-47E3-ABC5-AEC9EC2176E4}"
EndProject
Project("{FAE04EC0-301F-11D3-BF4B-00C04F79EFBC}") = "03AMinerTask", "03AMinerTask\03AMinerTask.csproj", "{29A30641-F5C2-4F94-BB32-CA2EA3C6EAF1}"
EndProject
Global
	GlobalSection(SolutionConfigurationPlatforms) = preSolution
		Debug|Any CPU = Debug|Any CPU
		Release|Any CPU = Release|Any CPU
	EndGlobalSection
	GlobalSection(ProjectConfigurationPlatforms) = postSolution
		{02F33A57-9728-4B6E-B5D8-9FF1CDEA7C52}.Debug|Any CPU.ActiveCfg = Debug|Any CPU
		{02F33A57-9728-4B6E-B5D8-9FF1CDEA7C52}.Debug|Any CPU.Build.0 = Debug|Any CPU
		{02F33A57-9728-4B6E-B5D8-9FF1CDEA7C52}.Release|Any CPU.ActiveCfg = Release|Any CPU
		{02F33A57-9728-4B6E-B5D8-9FF1CDEA7C52}.Release|Any CPU.Build.0 = Release|Any CPU
		{C545FD1A-E1D5-47E3-ABC5-AEC9EC2176E4}.Debug|Any CPU.ActiveCfg = Debug|Any CPU
		{C545FD1A-E1D5-47E3-ABC5-AEC9EC2176E4}.Debug|Any CPU.Build.0 = Debug|Any CPU
		{C545FD1A-E1D5-47E3-ABC5-AEC9EC2176E4}.Release|Any CPU.ActiveCfg = Release|Any CPU
		{C545FD1A-E1D5-47E3-ABC5-AEC9EC2176E4}.Release|Any CPU.Build.0 = Release|Any CPU
		{29A30641-F5C2-4F94-BB32-CA2EA3C6EAF1}.Debug|Any CPU.ActiveCfg = Debug|Any CPU
		{29A30641-F5C2-4F94-BB32-CA2EA3C6EAF1}.Debug|Any CPU.Build.0 = Debug|Any CPU
		{29A30641-F5C2-4F94-BB32-CA2EA3C6EAF1}.Release|Any CPU.ActiveCfg = Release|Any CPU
		{29A30641-F5C2-4F94-BB32-CA2EA3C6EAF1}.Release|Any CPU.Build.0 = Release|Any CPU
	EndGlobalSection
	GlobalSection(SolutionProperties) = preSolution
		HideSolutionNode = FALSE
	EndGlobalSection
EndGlobal
